
Microsoft Visual Studio Solution File, Format Version 12.00
# Visual Studio Version 17
VisualStudioVersion = 17.7.34031.279
MinimumVisualStudioVersion = 10.0.40219.1
Project("{FAE04EC0-301F-11D3-BF4B-00C04F79EFBC}") = "NetworkViewer", "NetworkViewer\NetworkViewer.csproj", "{EC58602E-A922-4FF8-9D7A-E0E0485EBD03}"
EndProject
Global
	GlobalSection(SolutionConfigurationPlatforms) = preSolution
		Debug|Any CPU = Debug|Any CPU
		Release|Any CPU = Release|Any CPU
	EndGlobalSection
	GlobalSection(ProjectConfigurationPlatforms) = postSolution
		{EC58602E-A922-4FF8-9D7A-E0E0485EBD03}.Debug|Any CPU.ActiveCfg = Debug|Any CPU
		{EC58602E-A922-4FF8-9D7A-E0E0485EBD03}.Debug|Any CPU.Build.0 = Debug|Any CPU
		{EC58602E-A922-4FF8-9D7A-E0E0485EBD03}.Release|Any CPU.ActiveCfg = Release|Any CPU
		{EC58602E-A922-4FF8-9D7A-E0E0485EBD03}.Release|Any CPU.Build.0 = Release|Any CPU
	EndGlobalSection
	GlobalSection(SolutionProperties) = preSolution
		HideSolutionNode = FALSE
	EndGlobalSection
	GlobalSection(ExtensibilityGlobals) = postSolution
		SolutionGuid = {8F8D0B31-7FC5-4820-8852-D3C333108566}
	EndGlobalSection
EndGlobal
